
Microsoft Visual Studio Solution File, Format Version 12.00
# Visual Studio Version 16
VisualStudioVersion = 16.0.31229.75
MinimumVisualStudioVersion = 10.0.40219.1
Project("{9A19103F-16F7-4668-BE54-9A1E7A4F7556}") = "MoviesApp", "MoviesApp.csproj", "{2B7DA7E3-E329-434F-B072-2556695683EC}"
EndProject
Project("{9A19103F-16F7-4668-BE54-9A1E7A4F7556}") = "MoviesApp.Tests", "MoviesApp.Tests\MoviesApp.Tests.csproj", "{7EEA5E7C-1BB6-4EFD-B890-62F41A9C2935}"
EndProject
Global
	GlobalSection(SolutionConfigurationPlatforms) = preSolution
		Debug|Any CPU = Debug|Any CPU
		Release|Any CPU = Release|Any CPU
	EndGlobalSection
	GlobalSection(ProjectConfigurationPlatforms) = postSolution
		{2B7DA7E3-E329-434F-B072-2556695683EC}.Debug|Any CPU.ActiveCfg = Debug|Any CPU
		{2B7DA7E3-E329-434F-B072-2556695683EC}.Debug|Any CPU.Build.0 = Debug|Any CPU
		{2B7DA7E3-E329-434F-B072-2556695683EC}.Release|Any CPU.ActiveCfg = Release|Any CPU
		{2B7DA7E3-E329-434F-B072-2556695683EC}.Release|Any CPU.Build.0 = Release|Any CPU
		{7EEA5E7C-1BB6-4EFD-B890-62F41A9C2935}.Debug|Any CPU.ActiveCfg = Debug|Any CPU
		{7EEA5E7C-1BB6-4EFD-B890-62F41A9C2935}.Debug|Any CPU.Build.0 = Debug|Any CPU
		{7EEA5E7C-1BB6-4EFD-B890-62F41A9C2935}.Release|Any CPU.ActiveCfg = Release|Any CPU
		{7EEA5E7C-1BB6-4EFD-B890-62F41A9C2935}.Release|Any CPU.Build.0 = Release|Any CPU
	EndGlobalSection
	GlobalSection(SolutionProperties) = preSolution
		HideSolutionNode = FALSE
	EndGlobalSection
	GlobalSection(ExtensibilityGlobals) = postSolution
		SolutionGuid = {0B3AC6D4-A21B-4AAD-95B4-A0DD710F8404}
	EndGlobalSection
EndGlobal
